PODS:
  - CocoaPods_PrivateResposition_demo (0.1.0)
  - FBSnapshotTestCase (2.1.4):
    - FBSnapshotTestCase/SwiftSupport (= 2.1.4)
  - FBSnapshotTestCase/Core (2.1.4)
  - FBSnapshotTestCase/SwiftSupport (2.1.4):
    - FBSnapshotTestCase/Core

DEPENDENCIES:
  - CocoaPods_PrivateResposition_demo (from `../`)
  - FBSnapshotTestCase

SPEC REPOS:
  https://github.com/cocoapods/specs.git:
    - FBSnapshotTestCase

EXTERNAL SOURCES:
  CocoaPods_PrivateResposition_demo:
    :path: "../"

SPEC CHECKSUMS:
  CocoaPods_PrivateResposition_demo: 6ef4a110dc8ab1b3529f313932dfb35fcb3503a9
  FBSnapshotTestCase: 094f9f314decbabe373b87cc339bea235a63e07a

PODFILE CHECKSUM: effd718fded63aa9036c4ab43a5f86e6fd81695a

COCOAPODS: 1.5.3
