PODS:
  - CocoaPods_PrivateResposition_demo (0.1.0)
  - FBSnapshotTestCase (2.1.4):
    - FBSnapshotTestCase/SwiftSupport (= 2.1.4)
  - FBSnapshotTestCase/Core (2.1.4)
  - FBSnapshotTestCase/SwiftSupport (2.1.4):
    - FBSnapshotTestCase/Core

DEPENDENCIES:
  - CocoaPods_PrivateResposition_demo (from `../`)
  - FBSnapshotTestCase

SPEC REPOS:
  https://github.com/cocoapods/specs.git:
    - FBSnapshotTestCase

EXTERNAL SOURCES:
  CocoaPods_PrivateResposition_demo:
    :path: "../"

SPEC CHECKSUMS:
  CocoaPods_PrivateResposition_demo: d8cb54ff35e0c8599ddcaa48c4e62691105d5d6a
  FBSnapshotTestCase: 094f9f314decbabe373b87cc339bea235a63e07a

PODFILE CHECKSUM: a5ce4113a5257e119fd602e76ddcad1e0ba1942c

COCOAPODS: 1.5.3
